
Microsoft Visual Studio Solution File, Format Version 12.00
# Visual Studio Version 17
VisualStudioVersion = 17.11.35303.130
MinimumVisualStudioVersion = 10.0.40219.1
Project("{FAE04EC0-301F-11D3-BF4B-00C04F79EFBC}") = "Week13QLiteDB", "Week13QLiteDB\Week13QLiteDB.csproj", "{FD149339-EA24-4F47-ABAE-BD6D4E7144C1}"
EndProject
Global
	GlobalSection(SolutionConfigurationPlatforms) = preSolution
		Debug|Any CPU = Debug|Any CPU
		Release|Any CPU = Release|Any CPU
	EndGlobalSection
	GlobalSection(ProjectConfigurationPlatforms) = postSolution
		{FD149339-EA24-4F47-ABAE-BD6D4E7144C1}.Debug|Any CPU.ActiveCfg = Debug|Any CPU
		{FD149339-EA24-4F47-ABAE-BD6D4E7144C1}.Debug|Any CPU.Build.0 = Debug|Any CPU
		{FD149339-EA24-4F47-ABAE-BD6D4E7144C1}.Release|Any CPU.ActiveCfg = Release|Any CPU
		{FD149339-EA24-4F47-ABAE-BD6D4E7144C1}.Release|Any CPU.Build.0 = Release|Any CPU
	EndGlobalSection
	GlobalSection(SolutionProperties) = preSolution
		HideSolutionNode = FALSE
	EndGlobalSection
	GlobalSection(ExtensibilityGlobals) = postSolution
		SolutionGuid = {2C28BC06-44C3-4E9B-ABAB-07A4A42D21EE}
	EndGlobalSection
EndGlobal
